
Microsoft Visual Studio Solution File, Format Version 12.00
# Visual Studio 14
VisualStudioVersion = 14.0.24720.0
MinimumVisualStudioVersion = 10.0.40219.1
Project("{FAE04EC0-301F-11D3-BF4B-00C04F79EFBC}") = "k-means-imaging", "k-means-imaging\k-means-imaging.csproj", "{F95DA96F-0313-436A-B487-B5401BF8CA55}"
EndProject
Project("{FAE04EC0-301F-11D3-BF4B-00C04F79EFBC}") = "k-means-imagingTests", "k-means-imagingTests\k-means-imagingTests.csproj", "{9F29C1D7-3E8C-41F0-9603-AB782AA208BF}"
EndProject
Global
	GlobalSection(SolutionConfigurationPlatforms) = preSolution
		Debug|Any CPU = Debug|Any CPU
		Release|Any CPU = Release|Any CPU
	EndGlobalSection
	GlobalSection(ProjectConfigurationPlatforms) = postSolution
		{F95DA96F-0313-436A-B487-B5401BF8CA55}.Debug|Any CPU.ActiveCfg = Debug|Any CPU
		{F95DA96F-0313-436A-B487-B5401BF8CA55}.Debug|Any CPU.Build.0 = Debug|Any CPU
		{F95DA96F-0313-436A-B487-B5401BF8CA55}.Release|Any CPU.ActiveCfg = Release|Any CPU
		{F95DA96F-0313-436A-B487-B5401BF8CA55}.Release|Any CPU.Build.0 = Release|Any CPU
		{9F29C1D7-3E8C-41F0-9603-AB782AA208BF}.Debug|Any CPU.ActiveCfg = Debug|Any CPU
		{9F29C1D7-3E8C-41F0-9603-AB782AA208BF}.Debug|Any CPU.Build.0 = Debug|Any CPU
		{9F29C1D7-3E8C-41F0-9603-AB782AA208BF}.Release|Any CPU.ActiveCfg = Release|Any CPU
		{9F29C1D7-3E8C-41F0-9603-AB782AA208BF}.Release|Any CPU.Build.0 = Release|Any CPU
	EndGlobalSection
	GlobalSection(SolutionProperties) = preSolution
		HideSolutionNode = FALSE
	EndGlobalSection
EndGlobal
